
Microsoft Visual Studio Solution File, Format Version 12.00
# Visual Studio Version 17
VisualStudioVersion = 17.0.31903.59
MinimumVisualStudioVersion = 10.0.40219.1
Project("{9A19103F-16F7-4668-BE54-9A1E7A4F7556}") = "BibleICBTranslationLibrary", "BibleICBTranslationLibrary.csproj", "{F671428F-6475-4F9A-A116-DB4EDA22E53F}"
EndProject
Global
	GlobalSection(SolutionConfigurationPlatforms) = preSolution
		Debug|Any CPU = Debug|Any CPU
		Release|Any CPU = Release|Any CPU
	EndGlobalSection
	GlobalSection(ProjectConfigurationPlatforms) = postSolution
		{F671428F-6475-4F9A-A116-DB4EDA22E53F}.Debug|Any CPU.ActiveCfg = Debug|Any CPU
		{F671428F-6475-4F9A-A116-DB4EDA22E53F}.Debug|Any CPU.Build.0 = Debug|Any CPU
		{F671428F-6475-4F9A-A116-DB4EDA22E53F}.Release|Any CPU.ActiveCfg = Release|Any CPU
		{F671428F-6475-4F9A-A116-DB4EDA22E53F}.Release|Any CPU.Build.0 = Release|Any CPU
	EndGlobalSection
	GlobalSection(SolutionProperties) = preSolution
		HideSolutionNode = FALSE
	EndGlobalSection
	GlobalSection(ExtensibilityGlobals) = postSolution
		SolutionGuid = {25ED2756-A869-46DE-BEC1-4553C74B9E59}
	EndGlobalSection
EndGlobal
